Microsoft Visual Studio Solution File, Format Version 12.00
# Visual Studio Version 17
VisualStudioVersion = 17.5.2.0
MinimumVisualStudioVersion = 10.0.40219.1
Project("{FAE04EC0-301F-11D3-BF4B-00C04F79EFBC}") = "Magic_Islands", "Magic_Islands.csproj", "{172439BD-610F-7E60-4E81-42A785EE3765}"
EndProject
Global
	GlobalSection(SolutionConfigurationPlatforms) = preSolution
		Debug|Any CPU = Debug|Any CPU
		Release|Any CPU = Release|Any CPU
	EndGlobalSection
	GlobalSection(ProjectConfigurationPlatforms) = postSolution
		{172439BD-610F-7E60-4E81-42A785EE3765}.Debug|Any CPU.ActiveCfg = Debug|Any CPU
		{172439BD-610F-7E60-4E81-42A785EE3765}.Debug|Any CPU.Build.0 = Debug|Any CPU
		{172439BD-610F-7E60-4E81-42A785EE3765}.Release|Any CPU.ActiveCfg = Release|Any CPU
		{172439BD-610F-7E60-4E81-42A785EE3765}.Release|Any CPU.Build.0 = Release|Any CPU
	EndGlobalSection
	GlobalSection(SolutionProperties) = preSolution
		HideSolutionNode = FALSE
	EndGlobalSection
	GlobalSection(ExtensibilityGlobals) = postSolution
		SolutionGuid = {2FF6C2F6-67C9-428B-BF12-99E3EA4E3E00}
	EndGlobalSection
EndGlobal
